// !$*UTF8*$!
{
	archiveVersion = 1;
	classes = {
	};
	objectVersion = 46;
	objects = {

/* Begin PBXBuildFile section */
		011DE702B23F9D0EB60E3AAA /* Pods_tagwaiterTests.framework in Frameworks */ = {isa = PBXBuildFile; fileRef = 82593E6093820FB0EB1C1946 /* Pods_tagwaiterTests.framework */; };
		0325C4011ED621BC00122B6D /* MenuVC.swift in Sources */ = {isa = PBXBuildFile; fileRef = 0325C4001ED621BC00122B6D /* MenuVC.swift */; };
		0325C4041ED6495B00122B6D /* ItemMenu.swift in Sources */ = {isa = PBXBuildFile; fileRef = 0325C4021ED6495B00122B6D /* ItemMenu.swift */; };
		0325C4071ED64BE400122B6D /* MenuCategorieVC.swift in Sources */ = {isa = PBXBuildFile; fileRef = 0325C4061ED64BE400122B6D /* MenuCategorieVC.swift */; };
		9DF187CC6017D778467F08AB /* Pods_tagwaiter.framework in Frameworks */ = {isa = PBXBuildFile; fileRef = E501036A5F5A2FEF739727A6 /* Pods_tagwaiter.framework */; };
		A76A05D544EC7A15D56822CD /* Pods_tagwaiterUITests.framework in Frameworks */ = {isa = PBXBuildFile; fileRef = 94FE776BB5BFA3A59093FDFC /* Pods_tagwaiterUITests.framework */; };
		DE0677631EACC7A800A1CD60 /* ScannerViewController.swift in Sources */ = {isa = PBXBuildFile; fileRef = DE0677621EACC7A800A1CD60 /* ScannerViewController.swift */; };
		DE3EEC731ED39BFA00BC2466 /* Category.swift in Sources */ = {isa = PBXBuildFile; fileRef = DE3EEC721ED39BFA00BC2466 /* Category.swift */; };
		DE3EEC751ED39CA900BC2466 /* CategorySize.swift in Sources */ = {isa = PBXBuildFile; fileRef = DE3EEC741ED39CA900BC2466 /* CategorySize.swift */; };
		DE3EEC771ED39E7D00BC2466 /* CategoryType.swift in Sources */ = {isa = PBXBuildFile; fileRef = DE3EEC761ED39E7D00BC2466 /* CategoryType.swift */; };
		DE3EEC791ED3A0AC00BC2466 /* Item.swift in Sources */ = {isa = PBXBuildFile; fileRef = DE3EEC781ED3A0AC00BC2466 /* Item.swift */; };
		DE3EEC7B1ED3A18F00BC2466 /* ItemPrice.swift in Sources */ = {isa = PBXBuildFile; fileRef = DE3EEC7A1ED3A18F00BC2466 /* ItemPrice.swift */; };
		DE3EEC7D1ED3A40F00BC2466 /* Session.swift in Sources */ = {isa = PBXBuildFile; fileRef = DE3EEC7C1ED3A40F00BC2466 /* Session.swift */; };
		DE3EEC7F1ED3A4EA00BC2466 /* SessionOrder.swift in Sources */ = {isa = PBXBuildFile; fileRef = DE3EEC7E1ED3A4EA00BC2466 /* SessionOrder.swift */; };
		DE3EEC811ED3A56D00BC2466 /* SessionOrderItem.swift in Sources */ = {isa = PBXBuildFile; fileRef = DE3EEC801ED3A56D00BC2466 /* SessionOrderItem.swift */; };
		DE3EEC831ED3A75F00BC2466 /* SessionOrderItemSize.swift in Sources */ = {isa = PBXBuildFile; fileRef = DE3EEC821ED3A75F00BC2466 /* SessionOrderItemSize.swift */; };
		DE3EEC851ED3A7E900BC2466 /* Shop.swift in Sources */ = {isa = PBXBuildFile; fileRef = DE3EEC841ED3A7E900BC2466 /* Shop.swift */; };
		DE3EEC871ED3A87D00BC2466 /* Site.swift in Sources */ = {isa = PBXBuildFile; fileRef = DE3EEC861ED3A87D00BC2466 /* Site.swift */; };
		DE3EEC891ED3A90D00BC2466 /* Translation.swift in Sources */ = {isa = PBXBuildFile; fileRef = DE3EEC881ED3A90D00BC2466 /* Translation.swift */; };
		DE99DF3B1ED9E1A3004604A2 /* ModalVC.swift in Sources */ = {isa = PBXBuildFile; fileRef = DE99DF3A1ED9E1A3004604A2 /* ModalVC.swift */; };
		DE99DF3E1ED9E8A3004604A2 /* DesignableView.swift in Sources */ = {isa = PBXBuildFile; fileRef = DE99DF3D1ED9E8A3004604A2 /* DesignableView.swift */; };
		DE99DF401ED9FAD4004604A2 /* DesignableButton.swift in Sources */ = {isa = PBXBuildFile; fileRef = DE99DF3F1ED9FAD4004604A2 /* DesignableButton.swift */; };
		DEA133C01E8C6D8F000D36BB /* AppDelegate.swift in Sources */ = {isa = PBXBuildFile; fileRef = DEA133BF1E8C6D8F000D36BB /* AppDelegate.swift */; };
		DEA133C21E8C6D8F000D36BB /* ViewController.swift in Sources */ = {isa = PBXBuildFile; fileRef = DEA133C11E8C6D8F000D36BB /* ViewController.swift */; };
		DEA133C51E8C6D8F000D36BB /* Main.storyboard in Resources */ = {isa = PBXBuildFile; fileRef = DEA133C31E8C6D8F000D36BB /* Main.storyboard */; };
		DEA133C71E8C6D8F000D36BB /* Assets.xcassets in Resources */ = {isa = PBXBuildFile; fileRef = DEA133C61E8C6D8F000D36BB /* Assets.xcassets */; };
		DEA133CA1E8C6D8F000D36BB /* LaunchScreen.storyboard in Resources */ = {isa = PBXBuildFile; fileRef = DEA133C81E8C6D8F000D36BB /* LaunchScreen.storyboard */; };
		DEA133D51E8C6D8F000D36BB /* tagwaiterTests.swift in Sources */ = {isa = PBXBuildFile; fileRef = DEA133D41E8C6D8F000D36BB /* tagwaiterTests.swift */; };
		DEA133E01E8C6D8F000D36BB /* tagwaiterUITests.swift in Sources */ = {isa = PBXBuildFile; fileRef = DEA133DF1E8C6D8F000D36BB /* tagwaiterUITests.swift */; };
/* End PBXBuildFile section */

/* Begin PBXContainerItemProxy section */
		DEA133D11E8C6D8F000D36BB /* PBXContainerItemProxy */ = {
			isa = PBXContainerItemProxy;
			containerPortal = DEA133B41E8C6D8F000D36BB /* Project object */;
			proxyType = 1;
			remoteGlobalIDString = DEA133BB1E8C6D8F000D36BB;
			remoteInfo = tagwaiter;
		};
		DEA133DC1E8C6D8F000D36BB /* PBXContainerItemProxy */ = {
			isa = PBXContainerItemProxy;
			containerPortal = DEA133B41E8C6D8F000D36BB /* Project object */;
			proxyType = 1;
			remoteGlobalIDString = DEA133BB1E8C6D8F000D36BB;
			remoteInfo = tagwaiter;
		};
/* End PBXContainerItemProxy section */

/* Begin PBXFileReference section */
		0325C4001ED621BC00122B6D /* MenuVC.swift */ = {isa = PBXFileReference; fileEncoding = 4; lastKnownFileType = sourcecode.swift; path = MenuVC.swift; sourceTree = "<group>"; };
		0325C4021ED6495B00122B6D /* ItemMenu.swift */ = {isa = PBXFileReference; fileEncoding = 4; lastKnownFileType = sourcecode.swift; path = ItemMenu.swift; sourceTree = "<group>"; };
		0325C4061ED64BE400122B6D /* MenuCategorieVC.swift */ = {isa = PBXFileReference; fileEncoding = 4; lastKnownFileType = sourcecode.swift; path = MenuCategorieVC.swift; sourceTree = "<group>"; };
		0352F3CC1ED7695D00DE57BC /* tagwaiter-Bridging-Header.h */ = {isa = PBXFileReference; lastKnownFileType = sourcecode.c.h; path = "tagwaiter-Bridging-Header.h"; sourceTree = "<group>"; };
		2C8600E5ADFE481FC69363E8 /* Pods-tagwaiterTests.debug.xcconfig */ = {isa = PBXFileReference; includeInIndex = 1; lastKnownFileType = text.xcconfig; name = "Pods-tagwaiterTests.debug.xcconfig"; path = "Pods/Target Support Files/Pods-tagwaiterTests/Pods-tagwaiterTests.debug.xcconfig"; sourceTree = "<group>"; };
		335ACE66A51571DBF5AC7DA0 /* Pods-tagwaiterUITests.release.xcconfig */ = {isa = PBXFileReference; includeInIndex = 1; lastKnownFileType = text.xcconfig; name = "Pods-tagwaiterUITests.release.xcconfig"; path = "Pods/Target Support Files/Pods-tagwaiterUITests/Pods-tagwaiterUITests.release.xcconfig"; sourceTree = "<group>"; };
		413EC0F3FC448B56CBC3BC96 /* Pods-tagwaiter.debug.xcconfig */ = {isa = PBXFileReference; includeInIndex = 1; lastKnownFileType = text.xcconfig; name = "Pods-tagwaiter.debug.xcconfig"; path = "Pods/Target Support Files/Pods-tagwaiter/Pods-tagwaiter.debug.xcconfig"; sourceTree = "<group>"; };
		691B7B79894D2890235EC9D9 /* Pods-tagwaiterTests.release.xcconfig */ = {isa = PBXFileReference; includeInIndex = 1; lastKnownFileType = text.xcconfig; name = "Pods-tagwaiterTests.release.xcconfig"; path = "Pods/Target Support Files/Pods-tagwaiterTests/Pods-tagwaiterTests.release.xcconfig"; sourceTree = "<group>"; };
		82593E6093820FB0EB1C1946 /* Pods_tagwaiterTests.framework */ = {isa = PBXFileReference; explicitFileType = wrapper.framework; includeInIndex = 0; path = Pods_tagwaiterTests.framework; sourceTree = BUILT_PRODUCTS_DIR; };
		94FE776BB5BFA3A59093FDFC /* Pods_tagwaiterUITests.framework */ = {isa = PBXFileReference; explicitFileType = wrapper.framework; includeInIndex = 0; path = Pods_tagwaiterUITests.framework; sourceTree = BUILT_PRODUCTS_DIR; };
		B3E903317E0274EB809053DD /* Pods-tagwaiterUITests.debug.xcconfig */ = {isa = PBXFileReference; includeInIndex = 1; lastKnownFileType = text.xcconfig; name = "Pods-tagwaiterUITests.debug.xcconfig"; path = "Pods/Target Support Files/Pods-tagwaiterUITests/Pods-tagwaiterUITests.debug.xcconfig"; sourceTree = "<group>"; };
		DE0677621EACC7A800A1CD60 /* ScannerViewController.swift */ = {isa = PBXFileReference; fileEncoding = 4; lastKnownFileType = sourcecode.swift; path = ScannerViewController.swift; sourceTree = "<group>"; };
		DE3EEC721ED39BFA00BC2466 /* Category.swift */ = {isa = PBXFileReference; fileEncoding = 4; lastKnownFileType = sourcecode.swift; path = Category.swift; sourceTree = "<group>"; };
		DE3EEC741ED39CA900BC2466 /* CategorySize.swift */ = {isa = PBXFileReference; fileEncoding = 4; lastKnownFileType = sourcecode.swift; path = CategorySize.swift; sourceTree = "<group>"; };
		DE3EEC761ED39E7D00BC2466 /* CategoryType.swift */ = {isa = PBXFileReference; fileEncoding = 4; lastKnownFileType = sourcecode.swift; path = CategoryType.swift; sourceTree = "<group>"; };
		DE3EEC781ED3A0AC00BC2466 /* Item.swift */ = {isa = PBXFileReference; fileEncoding = 4; lastKnownFileType = sourcecode.swift; path = Item.swift; sourceTree = "<group>"; };
		DE3EEC7A1ED3A18F00BC2466 /* ItemPrice.swift */ = {isa = PBXFileReference; fileEncoding = 4; lastKnownFileType = sourcecode.swift; path = ItemPrice.swift; sourceTree = "<group>"; };
		DE3EEC7C1ED3A40F00BC2466 /* Session.swift */ = {isa = PBXFileReference; fileEncoding = 4; lastKnownFileType = sourcecode.swift; path = Session.swift; sourceTree = "<group>"; };
		DE3EEC7E1ED3A4EA00BC2466 /* SessionOrder.swift */ = {isa = PBXFileReference; fileEncoding = 4; lastKnownFileType = sourcecode.swift; path = SessionOrder.swift; sourceTree = "<group>"; };
		DE3EEC801ED3A56D00BC2466 /* SessionOrderItem.swift */ = {isa = PBXFileReference; fileEncoding = 4; lastKnownFileType = sourcecode.swift; path = SessionOrderItem.swift; sourceTree = "<group>"; };
		DE3EEC821ED3A75F00BC2466 /* SessionOrderItemSize.swift */ = {isa = PBXFileReference; fileEncoding = 4; lastKnownFileType = sourcecode.swift; path = SessionOrderItemSize.swift; sourceTree = "<group>"; };
		DE3EEC841ED3A7E900BC2466 /* Shop.swift */ = {isa = PBXFileReference; fileEncoding = 4; lastKnownFileType = sourcecode.swift; path = Shop.swift; sourceTree = "<group>"; };
		DE3EEC861ED3A87D00BC2466 /* Site.swift */ = {isa = PBXFileReference; fileEncoding = 4; lastKnownFileType = sourcecode.swift; path = Site.swift; sourceTree = "<group>"; };
		DE3EEC881ED3A90D00BC2466 /* Translation.swift */ = {isa = PBXFileReference; fileEncoding = 4; lastKnownFileType = sourcecode.swift; path = Translation.swift; sourceTree = "<group>"; };
		DE99DF3A1ED9E1A3004604A2 /* ModalVC.swift */ = {isa = PBXFileReference; fileEncoding = 4; lastKnownFileType = sourcecode.swift; path = ModalVC.swift; sourceTree = "<group>"; };
		DE99DF3D1ED9E8A3004604A2 /* DesignableView.swift */ = {isa = PBXFileReference; fileEncoding = 4; lastKnownFileType = sourcecode.swift; path = DesignableView.swift; sourceTree = "<group>"; };
		DE99DF3F1ED9FAD4004604A2 /* DesignableButton.swift */ = {isa = PBXFileReference; fileEncoding = 4; lastKnownFileType = sourcecode.swift; path = DesignableButton.swift; sourceTree = "<group>"; };
		DEA133BC1E8C6D8F000D36BB /* tagwaiter.app */ = {isa = PBXFileReference; explicitFileType = wrapper.application; includeInIndex = 0; path = tagwaiter.app; sourceTree = BUILT_PRODUCTS_DIR; };
		DEA133BF1E8C6D8F000D36BB /* AppDelegate.swift */ = {isa = PBXFileReference; lastKnownFileType = sourcecode.swift; path = AppDelegate.swift; sourceTree = "<group>"; };
		DEA133C11E8C6D8F000D36BB /* ViewController.swift */ = {isa = PBXFileReference; lastKnownFileType = sourcecode.swift; path = ViewController.swift; sourceTree = "<group>"; };
		DEA133C41E8C6D8F000D36BB /* Base */ = {isa = PBXFileReference; lastKnownFileType = file.storyboard; name = Base; path = Base.lproj/Main.storyboard; sourceTree = "<group>"; };
		DEA133C61E8C6D8F000D36BB /* Assets.xcassets */ = {isa = PBXFileReference; lastKnownFileType = folder.assetcatalog; path = Assets.xcassets; sourceTree = "<group>"; };
		DEA133C91E8C6D8F000D36BB /* Base */ = {isa = PBXFileReference; lastKnownFileType = file.storyboard; name = Base; path = Base.lproj/LaunchScreen.storyboard; sourceTree = "<group>"; };
		DEA133CB1E8C6D8F000D36BB /* Info.plist */ = {isa = PBXFileReference; lastKnownFileType = text.plist.xml; path = Info.plist; sourceTree = "<group>"; };
		DEA133D01E8C6D8F000D36BB /* tagwaiterTests.xctest */ = {isa = PBXFileReference; explicitFileType = wrapper.cfbundle; includeInIndex = 0; path = tagwaiterTests.xctest; sourceTree = BUILT_PRODUCTS_DIR; };
		DEA133D41E8C6D8F000D36BB /* tagwaiterTests.swift */ = {isa = PBXFileReference; lastKnownFileType = sourcecode.swift; path = tagwaiterTests.swift; sourceTree = "<group>"; };
		DEA133D61E8C6D8F000D36BB /* Info.plist */ = {isa = PBXFileReference; lastKnownFileType = text.plist.xml; path = Info.plist; sourceTree = "<group>"; };
		DEA133DB1E8C6D8F000D36BB /* tagwaiterUITests.xctest */ = {isa = PBXFileReference; explicitFileType = wrapper.cfbundle; includeInIndex = 0; path = tagwaiterUITests.xctest; sourceTree = BUILT_PRODUCTS_DIR; };
		DEA133DF1E8C6D8F000D36BB /* tagwaiterUITests.swift */ = {isa = PBXFileReference; lastKnownFileType = sourcecode.swift; path = tagwaiterUITests.swift; sourceTree = "<group>"; };
		DEA133E11E8C6D8F000D36BB /* Info.plist */ = {isa = PBXFileReference; lastKnownFileType = text.plist.xml; path = Info.plist; sourceTree = "<group>"; };
		E3C2E3EBB6865497B937AD7E /* Pods-tagwaiter.release.xcconfig */ = {isa = PBXFileReference; includeInIndex = 1; lastKnownFileType = text.xcconfig; name = "Pods-tagwaiter.release.xcconfig"; path = "Pods/Target Support Files/Pods-tagwaiter/Pods-tagwaiter.release.xcconfig"; sourceTree = "<group>"; };
		E501036A5F5A2FEF739727A6 /* Pods_tagwaiter.framework */ = {isa = PBXFileReference; explicitFileType = wrapper.framework; includeInIndex = 0; path = Pods_tagwaiter.framework; sourceTree = BUILT_PRODUCTS_DIR; };
/* End PBXFileReference section */

/* Begin PBXFrameworksBuildPhase section */
		DEA133B91E8C6D8F000D36BB /* Frameworks */ = {
			isa = PBXFrameworksBuildPhase;
			buildActionMask = 2147483647;
			files = (
				9DF187CC6017D778467F08AB /* Pods_tagwaiter.framework in Frameworks */,
			);
			runOnlyForDeploymentPostprocessing = 0;
		};
		DEA133CD1E8C6D8F000D36BB /* Frameworks */ = {
			isa = PBXFrameworksBuildPhase;
			buildActionMask = 2147483647;
			files = (
				011DE702B23F9D0EB60E3AAA /* Pods_tagwaiterTests.framework in Frameworks */,
			);
			runOnlyForDeploymentPostprocessing = 0;
		};
		DEA133D81E8C6D8F000D36BB /* Frameworks */ = {
			isa = PBXFrameworksBuildPhase;
			buildActionMask = 2147483647;
			files = (
				A76A05D544EC7A15D56822CD /* Pods_tagwaiterUITests.framework in Frameworks */,
			);
			runOnlyForDeploymentPostprocessing = 0;
		};
/* End PBXFrameworksBuildPhase section */

/* Begin PBXGroup section */
		A843ECAEFA030F52DB32167C /* Pods */ = {
			isa = PBXGroup;
			children = (
				413EC0F3FC448B56CBC3BC96 /* Pods-tagwaiter.debug.xcconfig */,
				E3C2E3EBB6865497B937AD7E /* Pods-tagwaiter.release.xcconfig */,
				2C8600E5ADFE481FC69363E8 /* Pods-tagwaiterTests.debug.xcconfig */,
				691B7B79894D2890235EC9D9 /* Pods-tagwaiterTests.release.xcconfig */,
				B3E903317E0274EB809053DD /* Pods-tagwaiterUITests.debug.xcconfig */,
				335ACE66A51571DBF5AC7DA0 /* Pods-tagwaiterUITests.release.xcconfig */,
			);
			name = Pods;
			sourceTree = "<group>";
		};
		CC544873C60113085880441F /* Frameworks */ = {
			isa = PBXGroup;
			children = (
				E501036A5F5A2FEF739727A6 /* Pods_tagwaiter.framework */,
				82593E6093820FB0EB1C1946 /* Pods_tagwaiterTests.framework */,
				94FE776BB5BFA3A59093FDFC /* Pods_tagwaiterUITests.framework */,
			);
			name = Frameworks;
			sourceTree = "<group>";
		};
		DE3EEC711ED39BE800BC2466 /* model */ = {
			isa = PBXGroup;
			children = (
				DE3EEC721ED39BFA00BC2466 /* Category.swift */,
				DE3EEC781ED3A0AC00BC2466 /* Item.swift */,
				DE3EEC7A1ED3A18F00BC2466 /* ItemPrice.swift */,
				DE3EEC741ED39CA900BC2466 /* CategorySize.swift */,
				DE3EEC761ED39E7D00BC2466 /* CategoryType.swift */,
				DE3EEC7C1ED3A40F00BC2466 /* Session.swift */,
				DE3EEC7E1ED3A4EA00BC2466 /* SessionOrder.swift */,
				DE3EEC801ED3A56D00BC2466 /* SessionOrderItem.swift */,
				DE3EEC821ED3A75F00BC2466 /* SessionOrderItemSize.swift */,
				DE3EEC841ED3A7E900BC2466 /* Shop.swift */,
				DE3EEC861ED3A87D00BC2466 /* Site.swift */,
				DE3EEC881ED3A90D00BC2466 /* Translation.swift */,
			);
			name = model;
			sourceTree = "<group>";
		};
		DE99DF3C1ED9E885004604A2 /* IBDesignables */ = {
			isa = PBXGroup;
			children = (
				DE99DF3D1ED9E8A3004604A2 /* DesignableView.swift */,
				DE99DF3F1ED9FAD4004604A2 /* DesignableButton.swift */,
			);
			name = IBDesignables;
			sourceTree = "<group>";
		};
		DE9B93001ED4F384001C4B78 /* Menu */ = {
			isa = PBXGroup;
			children = (
				0325C4001ED621BC00122B6D /* MenuVC.swift */,
				0325C4061ED64BE400122B6D /* MenuCategorieVC.swift */,
				DE99DF3A1ED9E1A3004604A2 /* ModalVC.swift */,
				0325C4021ED6495B00122B6D /* ItemMenu.swift */,
			);
			name = Menu;
			sourceTree = "<group>";
		};
		DEA133B31E8C6D8F000D36BB = {
			isa = PBXGroup;
			children = (
				DEA133BE1E8C6D8F000D36BB /* tagwaiter */,
				DEA133D31E8C6D8F000D36BB /* tagwaiterTests */,
				DEA133DE1E8C6D8F000D36BB /* tagwaiterUITests */,
				DEA133BD1E8C6D8F000D36BB /* Products */,
				A843ECAEFA030F52DB32167C /* Pods */,
				CC544873C60113085880441F /* Frameworks */,
			);
			sourceTree = "<group>";
		};
		DEA133BD1E8C6D8F000D36BB /* Products */ = {
			isa = PBXGroup;
			children = (
				DEA133BC1E8C6D8F000D36BB /* tagwaiter.app */,
				DEA133D01E8C6D8F000D36BB /* tagwaiterTests.xctest */,
				DEA133DB1E8C6D8F000D36BB /* tagwaiterUITests.xctest */,
			);
			name = Products;
			sourceTree = "<group>";
		};
		DEA133BE1E8C6D8F000D36BB /* tagwaiter */ = {
			isa = PBXGroup;
			children = (
				DE99DF3C1ED9E885004604A2 /* IBDesignables */,
				DE3EEC711ED39BE800BC2466 /* model */,
				DEB6BA161EC918D00020BC25 /* extras */,
				DE9B93001ED4F384001C4B78 /* Menu */,
				DEA133C11E8C6D8F000D36BB /* ViewController.swift */,
				DE0677621EACC7A800A1CD60 /* ScannerViewController.swift */,
				DEA133C31E8C6D8F000D36BB /* Main.storyboard */,
				DEA133C61E8C6D8F000D36BB /* Assets.xcassets */,
			);
			path = tagwaiter;
			sourceTree = "<group>";
		};
		DEA133D31E8C6D8F000D36BB /* tagwaiterTests */ = {
			isa = PBXGroup;
			children = (
				DEA133D41E8C6D8F000D36BB /* tagwaiterTests.swift */,
				DEA133D61E8C6D8F000D36BB /* Info.plist */,
			);
			path = tagwaiterTests;
			sourceTree = "<group>";
		};
		DEA133DE1E8C6D8F000D36BB /* tagwaiterUITests */ = {
			isa = PBXGroup;
			children = (
				DEA133DF1E8C6D8F000D36BB /* tagwaiterUITests.swift */,
				DEA133E11E8C6D8F000D36BB /* Info.plist */,
			);
			path = tagwaiterUITests;
			sourceTree = "<group>";
		};
		DEB6BA161EC918D00020BC25 /* extras */ = {
			isa = PBXGroup;
			children = (
				0352F3CC1ED7695D00DE57BC /* tagwaiter-Bridging-Header.h */,
				DEA133BF1E8C6D8F000D36BB /* AppDelegate.swift */,
				DEA133C81E8C6D8F000D36BB /* LaunchScreen.storyboard */,
				DEA133CB1E8C6D8F000D36BB /* Info.plist */,
			);
			name = extras;
			sourceTree = "<group>";
		};
/* End PBXGroup section */

/* Begin PBXNativeTarget section */
		DEA133BB1E8C6D8F000D36BB /* tagwaiter */ = {
			isa = PBXNativeTarget;
			buildConfigurationList = DEA133E41E8C6D8F000D36BB /* Build configuration list for PBXNativeTarget "tagwaiter" */;
			buildPhases = (
				4F55F18BF7CF6CC785EA2C79 /* [CP] Check Pods Manifest.lock */,
				DEA133B81E8C6D8F000D36BB /* Sources */,
				DEA133B91E8C6D8F000D36BB /* Frameworks */,
				DEA133BA1E8C6D8F000D36BB /* Resources */,
				C444355E33CB14084F3C1D3B /* [CP] Embed Pods Frameworks */,
				11B7179FF282B7A5343988A2 /* [CP] Copy Pods Resources */,
			);
			buildRules = (
			);
			dependencies = (
			);
			name = tagwaiter;
			productName = tagwaiter;
			productReference = DEA133BC1E8C6D8F000D36BB /* tagwaiter.app */;
			productType = "com.apple.product-type.application";
		};
		DEA133CF1E8C6D8F000D36BB /* tagwaiterTests */ = {
			isa = PBXNativeTarget;
			buildConfigurationList = DEA133E71E8C6D8F000D36BB /* Build configuration list for PBXNativeTarget "tagwaiterTests" */;
			buildPhases = (
				20F6E4A58FA5F8870C543441 /* [CP] Check Pods Manifest.lock */,
				DEA133CC1E8C6D8F000D36BB /* Sources */,
				DEA133CD1E8C6D8F000D36BB /* Frameworks */,
				DEA133CE1E8C6D8F000D36BB /* Resources */,
				F46776A1760BEE775ADD827F /* [CP] Embed Pods Frameworks */,
				14F0407AB0D6B5D8A307848C /* [CP] Copy Pods Resources */,
			);
			buildRules = (
			);
			dependencies = (
				DEA133D21E8C6D8F000D36BB /* PBXTargetDependency */,
			);
			name = tagwaiterTests;
			productName = tagwaiterTests;
			productReference = DEA133D01E8C6D8F000D36BB /* tagwaiterTests.xctest */;
			productType = "com.apple.product-type.bundle.unit-test";
		};
		DEA133DA1E8C6D8F000D36BB /* tagwaiterUITests */ = {
			isa = PBXNativeTarget;
			buildConfigurationList = DEA133EA1E8C6D8F000D36BB /* Build configuration list for PBXNativeTarget "tagwaiterUITests" */;
			buildPhases = (
				9E897E34979099F0C4AE75BB /* [CP] Check Pods Manifest.lock */,
				DEA133D71E8C6D8F000D36BB /* Sources */,
				DEA133D81E8C6D8F000D36BB /* Frameworks */,
				DEA133D91E8C6D8F000D36BB /* Resources */,
				429C6C025D14D7D458C3094E /* [CP] Embed Pods Frameworks */,
				2E65A508E111ADFBDB7278B0 /* [CP] Copy Pods Resources */,
			);
			buildRules = (
			);
			dependencies = (
				DEA133DD1E8C6D8F000D36BB /* PBXTargetDependency */,
			);
			name = tagwaiterUITests;
			productName = tagwaiterUITests;
			productReference = DEA133DB1E8C6D8F000D36BB /* tagwaiterUITests.xctest */;
			productType = "com.apple.product-type.bundle.ui-testing";
		};
/* End PBXNativeTarget section */

/* Begin PBXProject section */
		DEA133B41E8C6D8F000D36BB /* Project object */ = {
			isa = PBXProject;
			attributes = {
				LastSwiftUpdateCheck = 0830;
				LastUpgradeCheck = 0830;
				ORGANIZATIONNAME = Manu;
				TargetAttributes = {
					DEA133BB1E8C6D8F000D36BB = {
						CreatedOnToolsVersion = 8.3;
						DevelopmentTeam = 9EUBLLZ8ZC;
						LastSwiftMigration = 0830;
						ProvisioningStyle = Automatic;
					};
					DEA133CF1E8C6D8F000D36BB = {
						CreatedOnToolsVersion = 8.3;
						DevelopmentTeam = 9EUBLLZ8ZC;
						ProvisioningStyle = Automatic;
						TestTargetID = DEA133BB1E8C6D8F000D36BB;
					};
					DEA133DA1E8C6D8F000D36BB = {
						CreatedOnToolsVersion = 8.3;
						DevelopmentTeam = 9EUBLLZ8ZC;
						ProvisioningStyle = Automatic;
						TestTargetID = DEA133BB1E8C6D8F000D36BB;
					};
				};
			};
			buildConfigurationList = DEA133B71E8C6D8F000D36BB /* Build configuration list for PBXProject "tagwaiter" */;
			compatibilityVersion = "Xcode 3.2";
			developmentRegion = English;
			hasScannedForEncodings = 0;
			knownRegions = (
				en,
				Base,
			);
			mainGroup = DEA133B31E8C6D8F000D36BB;
			productRefGroup = DEA133BD1E8C6D8F000D36BB /* Products */;
			projectDirPath = "";
			projectRoot = "";
			targets = (
				DEA133BB1E8C6D8F000D36BB /* tagwaiter */,
				DEA133CF1E8C6D8F000D36BB /* tagwaiterTests */,
				DEA133DA1E8C6D8F000D36BB /* tagwaiterUITests */,
			);
		};
/* End PBXProject section */

/* Begin PBXResourcesBuildPhase section */
		DEA133BA1E8C6D8F000D36BB /* Resources */ = {
			isa = PBXResourcesBuildPhase;
			buildActionMask = 2147483647;
			files = (
				DEA133CA1E8C6D8F000D36BB /* LaunchScreen.storyboard in Resources */,
				DEA133C71E8C6D8F000D36BB /* Assets.xcassets in Resources */,
				DEA133C51E8C6D8F000D36BB /* Main.storyboard in Resources */,
			);
			runOnlyForDeploymentPostprocessing = 0;
		};
		DEA133CE1E8C6D8F000D36BB /* Resources */ = {
			isa = PBXResourcesBuildPhase;
			buildActionMask = 2147483647;
			files = (
			);
			runOnlyForDeploymentPostprocessing = 0;
		};
		DEA133D91E8C6D8F000D36BB /* Resources */ = {
			isa = PBXResourcesBuildPhase;
			buildActionMask = 2147483647;
			files = (
			);
			runOnlyForDeploymentPostprocessing = 0;
		};
/* End PBXResourcesBuildPhase section */

/* Begin PBXShellScriptBuildPhase section */
		11B7179FF282B7A5343988A2 /* [CP] Copy Pods Resources */ = {
			isa = PBXShellScriptBuildPhase;
			buildActionMask = 2147483647;
			files = (
			);
			inputPaths = (
			);
			name = "[CP] Copy Pods Resources";
			outputPaths = (
			);
			runOnlyForDeploymentPostprocessing = 0;
			shellPath = /bin/sh;
			shellScript = "\"${SRCROOT}/Pods/Target Support Files/Pods-tagwaiter/Pods-tagwaiter-resources.sh\"\n";
			showEnvVarsInLog = 0;
		};
		14F0407AB0D6B5D8A307848C /* [CP] Copy Pods Resources */ = {
			isa = PBXShellScriptBuildPhase;
			buildActionMask = 2147483647;
			files = (
			);
			inputPaths = (
			);
			name = "[CP] Copy Pods Resources";
			outputPaths = (
			);
			runOnlyForDeploymentPostprocessing = 0;
			shellPath = /bin/sh;
			shellScript = "\"${SRCROOT}/Pods/Target Support Files/Pods-tagwaiterTests/Pods-tagwaiterTests-resources.sh\"\n";
			showEnvVarsInLog = 0;
		};
		20F6E4A58FA5F8870C543441 /* [CP] Check Pods Manifest.lock */ = {
			isa = PBXShellScriptBuildPhase;
			buildActionMask = 2147483647;
			files = (
			);
			inputPaths = (
			);
			name = "[CP] Check Pods Manifest.lock";
			outputPaths = (
			);
			runOnlyForDeploymentPostprocessing = 0;
			shellPath = /bin/sh;
			shellScript = "diff \"${PODS_PODFILE_DIR_PATH}/Podfile.lock\" \"${PODS_ROOT}/Manifest.lock\" > /dev/null\nif [ $? != 0 ] ; then\n    # print error to STDERR\n    echo \"error: The sandbox is not in sync with the Podfile.lock. Run 'pod install' or update your CocoaPods installation.\" >&2\n    exit 1\nfi\n";
			showEnvVarsInLog = 0;
		};
		2E65A508E111ADFBDB7278B0 /* [CP] Copy Pods Resources */ = {
			isa = PBXShellScriptBuildPhase;
			buildActionMask = 2147483647;
			files = (
			);
			inputPaths = (
			);
			name = "[CP] Copy Pods Resources";
			outputPaths = (
			);
			runOnlyForDeploymentPostprocessing = 0;
			shellPath = /bin/sh;
			shellScript = "\"${SRCROOT}/Pods/Target Support Files/Pods-tagwaiterUITests/Pods-tagwaiterUITests-resources.sh\"\n";
			showEnvVarsInLog = 0;
		};
		429C6C025D14D7D458C3094E /* [CP] Embed Pods Frameworks */ = {
			isa = PBXShellScriptBuildPhase;
			buildActionMask = 2147483647;
			files = (
			);
			inputPaths = (
			);
			name = "[CP] Embed Pods Frameworks";
			outputPaths = (
			);
			runOnlyForDeploymentPostprocessing = 0;
			shellPath = /bin/sh;
			shellScript = "\"${SRCROOT}/Pods/Target Support Files/Pods-tagwaiterUITests/Pods-tagwaiterUITests-frameworks.sh\"\n";
			showEnvVarsInLog = 0;
		};
		4F55F18BF7CF6CC785EA2C79 /* [CP] Check Pods Manifest.lock */ = {
			isa = PBXShellScriptBuildPhase;
			buildActionMask = 2147483647;
			files = (
			);
			inputPaths = (
			);
			name = "[CP] Check Pods Manifest.lock";
			outputPaths = (
			);
			runOnlyForDeploymentPostprocessing = 0;
			shellPath = /bin/sh;
			shellScript = "diff \"${PODS_PODFILE_DIR_PATH}/Podfile.lock\" \"${PODS_ROOT}/Manifest.lock\" > /dev/null\nif [ $? != 0 ] ; then\n    # print error to STDERR\n    echo \"error: The sandbox is not in sync with the Podfile.lock. Run 'pod install' or update your CocoaPods installation.\" >&2\n    exit 1\nfi\n";
			showEnvVarsInLog = 0;
		};
		9E897E34979099F0C4AE75BB /* [CP] Check Pods Manifest.lock */ = {
			isa = PBXShellScriptBuildPhase;
			buildActionMask = 2147483647;
			files = (
			);
			inputPaths = (
			);
			name = "[CP] Check Pods Manifest.lock";
			outputPaths = (
			);
			runOnlyForDeploymentPostprocessing = 0;
			shellPath = /bin/sh;
			shellScript = "diff \"${PODS_PODFILE_DIR_PATH}/Podfile.lock\" \"${PODS_ROOT}/Manifest.lock\" > /dev/null\nif [ $? != 0 ] ; then\n    # print error to STDERR\n    echo \"error: The sandbox is not in sync with the Podfile.lock. Run 'pod install' or update your CocoaPods installation.\" >&2\n    exit 1\nfi\n";
			showEnvVarsInLog = 0;
		};
		C444355E33CB14084F3C1D3B /* [CP] Embed Pods Frameworks */ = {
			isa = PBXShellScriptBuildPhase;
			buildActionMask = 2147483647;
			files = (
			);
			inputPaths = (
			);
			name = "[CP] Embed Pods Frameworks";
			outputPaths = (
			);
			runOnlyForDeploymentPostprocessing = 0;
			shellPath = /bin/sh;
			shellScript = "\"${SRCROOT}/Pods/Target Support Files/Pods-tagwaiter/Pods-tagwaiter-frameworks.sh\"\n";
			showEnvVarsInLog = 0;
		};
		F46776A1760BEE775ADD827F /* [CP] Embed Pods Frameworks */ = {
			isa = PBXShellScriptBuildPhase;
			buildActionMask = 2147483647;
			files = (
			);
			inputPaths = (
			);
			name = "[CP] Embed Pods Frameworks";
			outputPaths = (
			);
			runOnlyForDeploymentPostprocessing = 0;
			shellPath = /bin/sh;
			shellScript = "\"${SRCROOT}/Pods/Target Support Files/Pods-tagwaiterTests/Pods-tagwaiterTests-frameworks.sh\"\n";
			showEnvVarsInLog = 0;
		};
/* End PBXShellScriptBuildPhase section */

/* Begin PBXSourcesBuildPhase section */
		DEA133B81E8C6D8F000D36BB /* Sources */ = {
			isa = PBXSourcesBuildPhase;
			buildActionMask = 2147483647;
			files = (
				DE99DF3B1ED9E1A3004604A2 /* ModalVC.swift in Sources */,
				DE3EEC791ED3A0AC00BC2466 /* Item.swift in Sources */,
				DE99DF401ED9FAD4004604A2 /* DesignableButton.swift in Sources */,
				DE3EEC7F1ED3A4EA00BC2466 /* SessionOrder.swift in Sources */,
				DE3EEC7B1ED3A18F00BC2466 /* ItemPrice.swift in Sources */,
				DE3EEC851ED3A7E900BC2466 /* Shop.swift in Sources */,
				DE3EEC831ED3A75F00BC2466 /* SessionOrderItemSize.swift in Sources */,
				0325C4011ED621BC00122B6D /* MenuVC.swift in Sources */,
				DE3EEC811ED3A56D00BC2466 /* SessionOrderItem.swift in Sources */,
				DE99DF3E1ED9E8A3004604A2 /* DesignableView.swift in Sources */,
				DEA133C21E8C6D8F000D36BB /* ViewController.swift in Sources */,
				DE0677631EACC7A800A1CD60 /* ScannerViewController.swift in Sources */,
				DE3EEC891ED3A90D00BC2466 /* Translation.swift in Sources */,
				DE3EEC871ED3A87D00BC2466 /* Site.swift in Sources */,
				0325C4041ED6495B00122B6D /* ItemMenu.swift in Sources */,
				DEA133C01E8C6D8F000D36BB /* AppDelegate.swift in Sources */,
				0325C4071ED64BE400122B6D /* MenuCategorieVC.swift in Sources */,
				DE3EEC7D1ED3A40F00BC2466 /* Session.swift in Sources */,
				DE3EEC751ED39CA900BC2466 /* CategorySize.swift in Sources */,
				DE3EEC731ED39BFA00BC2466 /* Category.swift in Sources */,
				DE3EEC771ED39E7D00BC2466 /* CategoryType.swift in Sources */,
			);
			runOnlyForDeploymentPostprocessing = 0;
		};
		DEA133CC1E8C6D8F000D36BB /* Sources */ = {
			isa = PBXSourcesBuildPhase;
			buildActionMask = 2147483647;
			files = (
				DEA133D51E8C6D8F000D36BB /* tagwaiterTests.swift in Sources */,
			);
			runOnlyForDeploymentPostprocessing = 0;
		};
		DEA133D71E8C6D8F000D36BB /* Sources */ = {
			isa = PBXSourcesBuildPhase;
			buildActionMask = 2147483647;
			files = (
				DEA133E01E8C6D8F000D36BB /* tagwaiterUITests.swift in Sources */,
			);
			runOnlyForDeploymentPostprocessing = 0;
		};
/* End PBXSourcesBuildPhase section */

/* Begin PBXTargetDependency section */
		DEA133D21E8C6D8F000D36BB /* PBXTargetDependency */ = {
			isa = PBXTargetDependency;
			target = DEA133BB1E8C6D8F000D36BB /* tagwaiter */;
			targetProxy = DEA133D11E8C6D8F000D36BB /* PBXContainerItemProxy */;
		};
		DEA133DD1E8C6D8F000D36BB /* PBXTargetDependency */ = {
			isa = PBXTargetDependency;
			target = DEA133BB1E8C6D8F000D36BB /* tagwaiter */;
			targetProxy = DEA133DC1E8C6D8F000D36BB /* PBXContainerItemProxy */;
		};
/* End PBXTargetDependency section */

/* Begin PBXVariantGroup section */
		DEA133C31E8C6D8F000D36BB /* Main.storyboard */ = {
			isa = PBXVariantGroup;
			children = (
				DEA133C41E8C6D8F000D36BB /* Base */,
			);
			name = Main.storyboard;
			sourceTree = "<group>";
		};
		DEA133C81E8C6D8F000D36BB /* LaunchScreen.storyboard */ = {
			isa = PBXVariantGroup;
			children = (
				DEA133C91E8C6D8F000D36BB /* Base */,
			);
			name = LaunchScreen.storyboard;
			sourceTree = "<group>";
		};
/* End PBXVariantGroup section */

/* Begin XCBuildConfiguration section */
		DEA133E21E8C6D8F000D36BB /* Debug */ = {
			isa = XCBuildConfiguration;
			buildSettings = {
				ALWAYS_SEARCH_USER_PATHS = NO;
				CLANG_ANALYZER_NONNULL = YES;
				CLANG_ANALYZER_NUMBER_OBJECT_CONVERSION = YES_AGGRESSIVE;
				CLANG_CXX_LANGUAGE_STANDARD = "gnu++0x";
				CLANG_CXX_LIBRARY = "libc++";
				CLANG_ENABLE_MODULES = YES;
				CLANG_ENABLE_OBJC_ARC = YES;
				CLANG_WARN_BOOL_CONVERSION = YES;
				CLANG_WARN_CONSTANT_CONVERSION = YES;
				CLANG_WARN_DIRECT_OBJC_ISA_USAGE = YES_ERROR;
				CLANG_WARN_DOCUMENTATION_COMMENTS = YES;
				CLANG_WARN_EMPTY_BODY = YES;
				CLANG_WARN_ENUM_CONVERSION = YES;
				CLANG_WARN_INFINITE_RECURSION = YES;
				CLANG_WARN_INT_CONVERSION = YES;
				CLANG_WARN_OBJC_ROOT_CLASS = YES_ERROR;
				CLANG_WARN_SUSPICIOUS_MOVE = YES;
				CLANG_WARN_UNREACHABLE_CODE = YES;
				CLANG_WARN__DUPLICATE_METHOD_MATCH = YES;
				"CODE_SIGN_IDENTITY[sdk=iphoneos*]" = "iPhone Developer";
				COPY_PHASE_STRIP = NO;
				DEBUG_INFORMATION_FORMAT = dwarf;
				ENABLE_STRICT_OBJC_MSGSEND = YES;
				ENABLE_TESTABILITY = YES;
				GCC_C_LANGUAGE_STANDARD = gnu99;
				GCC_DYNAMIC_NO_PIC = NO;
				GCC_NO_COMMON_BLOCKS = YES;
				GCC_OPTIMIZATION_LEVEL = 0;
				GCC_PREPROCESSOR_DEFINITIONS = (
					"DEBUG=1",
					"$(inherited)",
				);
				GCC_WARN_64_TO_32_BIT_CONVERSION = YES;
				GCC_WARN_ABOUT_RETURN_TYPE = YES_ERROR;
				GCC_WARN_UNDECLARED_SELECTOR = YES;
				GCC_WARN_UNINITIALIZED_AUTOS = YES_AGGRESSIVE;
				GCC_WARN_UNUSED_FUNCTION = YES;
				GCC_WARN_UNUSED_VARIABLE = YES;
				IPHONEOS_DEPLOYMENT_TARGET = 10.3;
				MTL_ENABLE_DEBUG_INFO = YES;
				ONLY_ACTIVE_ARCH = YES;
				SDKROOT = iphoneos;
				SWIFT_ACTIVE_COMPILATION_CONDITIONS = DEBUG;
				SWIFT_OPTIMIZATION_LEVEL = "-Onone";
			};
			name = Debug;
		};
		DEA133E31E8C6D8F000D36BB /* Release */ = {
			isa = XCBuildConfiguration;
			buildSettings = {
				ALWAYS_SEARCH_USER_PATHS = NO;
				CLANG_ANALYZER_NONNULL = YES;
				CLANG_ANALYZER_NUMBER_OBJECT_CONVERSION = YES_AGGRESSIVE;
				CLANG_CXX_LANGUAGE_STANDARD = "gnu++0x";
				CLANG_CXX_LIBRARY = "libc++";
				CLANG_ENABLE_MODULES = YES;
				CLANG_ENABLE_OBJC_ARC = YES;
				CLANG_WARN_BOOL_CONVERSION = YES;
				CLANG_WARN_CONSTANT_CONVERSION = YES;
				CLANG_WARN_DIRECT_OBJC_ISA_USAGE = YES_ERROR;
				CLANG_WARN_DOCUMENTATION_COMMENTS = YES;
				CLANG_WARN_EMPTY_BODY = YES;
				CLANG_WARN_ENUM_CONVERSION = YES;
				CLANG_WARN_INFINITE_RECURSION = YES;
				CLANG_WARN_INT_CONVERSION = YES;
				CLANG_WARN_OBJC_ROOT_CLASS = YES_ERROR;
				CLANG_WARN_SUSPICIOUS_MOVE = YES;
				CLANG_WARN_UNREACHABLE_CODE = YES;
				CLANG_WARN__DUPLICATE_METHOD_MATCH = YES;
				"CODE_SIGN_IDENTITY[sdk=iphoneos*]" = "iPhone Developer";
				COPY_PHASE_STRIP = NO;
				DEBUG_INFORMATION_FORMAT = "dwarf-with-dsym";
				ENABLE_NS_ASSERTIONS = NO;
				ENABLE_STRICT_OBJC_MSGSEND = YES;
				GCC_C_LANGUAGE_STANDARD = gnu99;
				GCC_NO_COMMON_BLOCKS = YES;
				GCC_WARN_64_TO_32_BIT_CONVERSION = YES;
				GCC_WARN_ABOUT_RETURN_TYPE = YES_ERROR;
				GCC_WARN_UNDECLARED_SELECTOR = YES;
				GCC_WARN_UNINITIALIZED_AUTOS = YES_AGGRESSIVE;
				GCC_WARN_UNUSED_FUNCTION = YES;
				GCC_WARN_UNUSED_VARIABLE = YES;
				IPHONEOS_DEPLOYMENT_TARGET = 10.3;
				MTL_ENABLE_DEBUG_INFO = NO;
				SDKROOT = iphoneos;
				SWIFT_OPTIMIZATION_LEVEL = "-Owholemodule";
				VALIDATE_PRODUCT = YES;
			};
			name = Release;
		};
		DEA133E51E8C6D8F000D36BB /* Debug */ = {
			isa = XCBuildConfiguration;
			baseConfigurationReference = 413EC0F3FC448B56CBC3BC96 /* Pods-tagwaiter.debug.xcconfig */;
			buildSettings = {
				ASSETCATALOG_COMPILER_APPICON_NAME = AppIcon;
				CLANG_ENABLE_MODULES = YES;
				DEVELOPMENT_TEAM = 9EUBLLZ8ZC;
				INFOPLIST_FILE = tagwaiter/Info.plist;
				IPHONEOS_DEPLOYMENT_TARGET = 10.2;
				LD_RUNPATH_SEARCH_PATHS = "$(inherited) @executable_path/Frameworks";
				PRODUCT_BUNDLE_IDENTIFIER = com.disainin.tagwaiter;
				PRODUCT_NAME = "$(TARGET_NAME)";
				SWIFT_OBJC_BRIDGING_HEADER = "tagwaiter/tagwaiter-Bridging-Header.h";
				SWIFT_OPTIMIZATION_LEVEL = "-Onone";
				SWIFT_VERSION = 3.0;
			};
			name = Debug;
		};
		DEA133E61E8C6D8F000D36BB /* Release */ = {
			isa = XCBuildConfiguration;
			baseConfigurationReference = E3C2E3EBB6865497B937AD7E /* Pods-tagwaiter.release.xcconfig */;
			buildSettings = {
				ASSETCATALOG_COMPILER_APPICON_NAME = AppIcon;
				CLANG_ENABLE_MODULES = YES;
				DEVELOPMENT_TEAM = 9EUBLLZ8ZC;
				INFOPLIST_FILE = tagwaiter/Info.plist;
				IPHONEOS_DEPLOYMENT_TARGET = 10.2;
				LD_RUNPATH_SEARCH_PATHS = "$(inherited) @executable_path/Frameworks";
				PRODUCT_BUNDLE_IDENTIFIER = com.disainin.tagwaiter;
				PRODUCT_NAME = "$(TARGET_NAME)";
				SWIFT_OBJC_BRIDGING_HEADER = "tagwaiter/tagwaiter-Bridging-Header.h";
				SWIFT_VERSION = 3.0;
			};
			name = Release;
		};
		DEA133E81E8C6D8F000D36BB /* Debug */ = {
			isa = XCBuildConfiguration;
			baseConfigurationReference = 2C8600E5ADFE481FC69363E8 /* Pods-tagwaiterTests.debug.xcconfig */;
			buildSettings = {
				ALWAYS_EMBED_SWIFT_STANDARD_LIBRARIES = YES;
				BUNDLE_LOADER = "$(TEST_HOST)";
				DEVELOPMENT_TEAM = 9EUBLLZ8ZC;
				INFOPLIST_FILE = tagwaiterTests/Info.plist;
				LD_RUNPATH_SEARCH_PATHS = "$(inherited) @executable_path/Frameworks @loader_path/Frameworks";
				PRODUCT_BUNDLE_IDENTIFIER = com.disainin.tagwaiterTests;
				PRODUCT_NAME = "$(TARGET_NAME)";
				SWIFT_VERSION = 3.0;
				TEST_HOST = "$(BUILT_PRODUCTS_DIR)/tagwaiter.app/tagwaiter";
			};
			name = Debug;
		};
		DEA133E91E8C6D8F000D36BB /* Release */ = {
			isa = XCBuildConfiguration;
			baseConfigurationReference = 691B7B79894D2890235EC9D9 /* Pods-tagwaiterTests.release.xcconfig */;
			buildSettings = {
				ALWAYS_EMBED_SWIFT_STANDARD_LIBRARIES = YES;
				BUNDLE_LOADER = "$(TEST_HOST)";
				DEVELOPMENT_TEAM = 9EUBLLZ8ZC;
				INFOPLIST_FILE = tagwaiterTests/Info.plist;
				LD_RUNPATH_SEARCH_PATHS = "$(inherited) @executable_path/Frameworks @loader_path/Frameworks";
				PRODUCT_BUNDLE_IDENTIFIER = com.disainin.tagwaiterTests;
				PRODUCT_NAME = "$(TARGET_NAME)";
				SWIFT_VERSION = 3.0;
				TEST_HOST = "$(BUILT_PRODUCTS_DIR)/tagwaiter.app/tagwaiter";
			};
			name = Release;
		};
		DEA133EB1E8C6D8F000D36BB /* Debug */ = {
			isa = XCBuildConfiguration;
			baseConfigurationReference = B3E903317E0274EB809053DD /* Pods-tagwaiterUITests.debug.xcconfig */;
			buildSettings = {
				ALWAYS_EMBED_SWIFT_STANDARD_LIBRARIES = YES;
				DEVELOPMENT_TEAM = 9EUBLLZ8ZC;
				INFOPLIST_FILE = tagwaiterUITests/Info.plist;
				LD_RUNPATH_SEARCH_PATHS = "$(inherited) @executable_path/Frameworks @loader_path/Frameworks";
				PRODUCT_BUNDLE_IDENTIFIER = com.disainin.tagwaiterUITests;
				PRODUCT_NAME = "$(TARGET_NAME)";
				SWIFT_VERSION = 3.0;
				TEST_TARGET_NAME = tagwaiter;
			};
			name = Debug;
		};
		DEA133EC1E8C6D8F000D36BB /* Release */ = {
			isa = XCBuildConfiguration;
			baseConfigurationReference = 335ACE66A51571DBF5AC7DA0 /* Pods-tagwaiterUITests.release.xcconfig */;
			buildSettings = {
				ALWAYS_EMBED_SWIFT_STANDARD_LIBRARIES = YES;
				DEVELOPMENT_TEAM = 9EUBLLZ8ZC;
				INFOPLIST_FILE = tagwaiterUITests/Info.plist;
				LD_RUNPATH_SEARCH_PATHS = "$(inherited) @executable_path/Frameworks @loader_path/Frameworks";
				PRODUCT_BUNDLE_IDENTIFIER = com.disainin.tagwaiterUITests;
				PRODUCT_NAME = "$(TARGET_NAME)";
				SWIFT_VERSION = 3.0;
				TEST_TARGET_NAME = tagwaiter;
			};
			name = Release;
		};
/* End XCBuildConfiguration section */

/* Begin XCConfigurationList section */
		DEA133B71E8C6D8F000D36BB /* Build configuration list for PBXProject "tagwaiter" */ = {
			isa = XCConfigurationList;
			buildConfigurations = (
				DEA133E21E8C6D8F000D36BB /* Debug */,
				DEA133E31E8C6D8F000D36BB /* Release */,
			);
			defaultConfigurationIsVisible = 0;
			defaultConfigurationName = Release;
		};
		DEA133E41E8C6D8F000D36BB /* Build configuration list for PBXNativeTarget "tagwaiter" */ = {
			isa = XCConfigurationList;
			buildConfigurations = (
				DEA133E51E8C6D8F000D36BB /* Debug */,
				DEA133E61E8C6D8F000D36BB /* Release */,
			);
			defaultConfigurationIsVisible = 0;
			defaultConfigurationName = Release;
		};
		DEA133E71E8C6D8F000D36BB /* Build configuration list for PBXNativeTarget "tagwaiterTests" */ = {
			isa = XCConfigurationList;
			buildConfigurations = (
				DEA133E81E8C6D8F000D36BB /* Debug */,
				DEA133E91E8C6D8F000D36BB /* Release */,
			);
			defaultConfigurationIsVisible = 0;
			defaultConfigurationName = Release;
		};
		DEA133EA1E8C6D8F000D36BB /* Build configuration list for PBXNativeTarget "tagwaiterUITests" */ = {
			isa = XCConfigurationList;
			buildConfigurations = (
				DEA133EB1E8C6D8F000D36BB /* Debug */,
				DEA133EC1E8C6D8F000D36BB /* Release */,
			);
			defaultConfigurationIsVisible = 0;
			defaultConfigurationName = Release;
		};
/* End XCConfigurationList section */
	};
	rootObject = DEA133B41E8C6D8F000D36BB /* Project object */;
}
